# THIS IS AN AUTOGENERATED FILE. DO NOT EDIT THIS FILE DIRECTLY.
# yarn lockfile v1


"@types/cookie@^0.5.1":
  "integrity" "sha512-COUnqfB2+ckwXXSFInsFdOAWQzCCx+a5hq2ruyj+Vjund94RJQd4LG2u9hnvJrTgunKAaax7ancBYlDrNYxA0g=="
  "resolved" "https://registry.npmjs.org/@types/cookie/-/cookie-0.5.1.tgz"
  "version" "0.5.1"

"cookie@^0.5.0":
  "integrity" "sha512-YZ3GUyn/o8gfKJlnlX7g7xq4gyO6OSuhGPKaaGssGB2qgDUS0gPgtTvoyZLTt9Ab6dC4hfc9dV5arkvc/OCmrw=="
  "resolved" "https://registry.npmjs.org/cookie/-/cookie-0.5.0.tgz"
  "version" "0.5.0"

"universal-cookie@^5.0.0":
  "integrity" "sha512-S0i5B1AEoXchHVrSS2fkQDE0LsTGhBaCntXCrq762Eqvi9WXEqij47DHN2FVwbi/prBGwf/p0UMOYlOOngZi0Q=="
  "resolved" "https://registry.npmjs.org/universal-cookie/-/universal-cookie-5.0.0.tgz"
  "version" "5.0.0"
  dependencies:
    "@types/cookie" "^0.5.1"
    "cookie" "^0.5.0"
